
Microsoft Visual Studio Solution File, Format Version 12.00
# Visual Studio 14
VisualStudioVersion = 14.0.24720.0
MinimumVisualStudioVersion = 10.0.40219.1
Project("{8BC9CEB8-8B4A-11D0-8D11-00A0C91BC942}") = "Цвет фона индикатора", "Цвет фона индикатора\Цвет фона индикатора.vcxproj", "{86450F54-857E-434C-8D73-91B347E19E0D}"
EndProject
Project("{2150E333-8FDC-42A3-9474-1A3956D46DE8}") = "Solution Items", "Solution Items", "{C76AD92C-1F2D-4619-B968-37BB31328C8E}"
	ProjectSection(SolutionItems) = preProject
		настройка цвета.PNG = настройка цвета.PNG
	EndProjectSection
EndProject
Global
	GlobalSection(SolutionConfigurationPlatforms) = preSolution
		Debug|Win32 = Debug|Win32
		Release|Win32 = Release|Win32
	EndGlobalSection
	GlobalSection(ProjectConfigurationPlatforms) = postSolution
		{86450F54-857E-434C-8D73-91B347E19E0D}.Debug|Win32.ActiveCfg = Debug|Win32
		{86450F54-857E-434C-8D73-91B347E19E0D}.Debug|Win32.Build.0 = Debug|Win32
		{86450F54-857E-434C-8D73-91B347E19E0D}.Release|Win32.ActiveCfg = Release|Win32
		{86450F54-857E-434C-8D73-91B347E19E0D}.Release|Win32.Build.0 = Release|Win32
	EndGlobalSection
	GlobalSection(SolutionProperties) = preSolution
		HideSolutionNode = FALSE
	EndGlobalSection
EndGlobal
